
Microsoft Visual Studio Solution File, Format Version 12.00
# Visual Studio 15
VisualStudioVersion = 15.0.26124.0
MinimumVisualStudioVersion = 15.0.26124.0
Project("{F2A71F9B-5D33-465A-A702-920D77279786}") = "jrutil", "jrutil\jrutil.fsproj", "{02CFD02D-5BD9-4767-BC26-473E3E119768}"
EndProject
Project("{F2A71F9B-5D33-465A-A702-920D77279786}") = "jrutil-multitool", "jrutil-multitool\jrutil-multitool.fsproj", "{46AE7C76-0E62-43E8-8616-8340E699FA7B}"
EndProject
Project("{F2A71F9B-5D33-465A-A702-920D77279786}") = "georeport", "georeport\georeport.fsproj", "{45DD4820-3849-47B6-8E21-FE2A46B215E1}"
EndProject
Project("{F2A71F9B-5D33-465A-A702-920D77279786}") = "rtcollect", "rtcollect\rtcollect.fsproj", "{89D0FF7E-E91D-4399-8CFD-4A86A01F24C6}"
EndProject
Project("{F2A71F9B-5D33-465A-A702-920D77279786}") = "rtview", "rtview\rtview.fsproj", "{DB36D8D8-A8D4-4A3E-9340-541A662B08CC}"
EndProject
Project("{F2A71F9B-5D33-465A-A702-920D77279786}") = "jrutil.tests", "jrutil.tests\jrutil.tests.fsproj", "{057620A1-A6B7-4799-8F0B-5E8D1F2D2381}"
EndProject
Project("{FAE04EC0-301F-11D3-BF4B-00C04F79EFBC}") = "ext-services-cs", "ext-services-cs\ext-services-cs.csproj", "{44FA940D-8156-43C5-9002-B289884A005C}"
EndProject
Global
	GlobalSection(SolutionConfigurationPlatforms) = preSolution
		Debug|Any CPU = Debug|Any CPU
		Debug|x64 = Debug|x64
		Debug|x86 = Debug|x86
		Release|Any CPU = Release|Any CPU
		Release|x64 = Release|x64
		Release|x86 = Release|x86
	EndGlobalSection
	GlobalSection(SolutionProperties) = preSolution
		HideSolutionNode = FALSE
	EndGlobalSection
	GlobalSection(ProjectConfigurationPlatforms) = postSolution
		{02CFD02D-5BD9-4767-BC26-473E3E119768}.Debug|Any CPU.ActiveCfg = Debug|Any CPU
		{02CFD02D-5BD9-4767-BC26-473E3E119768}.Debug|Any CPU.Build.0 = Debug|Any CPU
		{02CFD02D-5BD9-4767-BC26-473E3E119768}.Debug|x64.ActiveCfg = Debug|Any CPU
		{02CFD02D-5BD9-4767-BC26-473E3E119768}.Debug|x64.Build.0 = Debug|Any CPU
		{02CFD02D-5BD9-4767-BC26-473E3E119768}.Debug|x86.ActiveCfg = Debug|Any CPU
		{02CFD02D-5BD9-4767-BC26-473E3E119768}.Debug|x86.Build.0 = Debug|Any CPU
		{02CFD02D-5BD9-4767-BC26-473E3E119768}.Release|Any CPU.ActiveCfg = Release|Any CPU
		{02CFD02D-5BD9-4767-BC26-473E3E119768}.Release|Any CPU.Build.0 = Release|Any CPU
		{02CFD02D-5BD9-4767-BC26-473E3E119768}.Release|x64.ActiveCfg = Release|Any CPU
		{02CFD02D-5BD9-4767-BC26-473E3E119768}.Release|x64.Build.0 = Release|Any CPU
		{02CFD02D-5BD9-4767-BC26-473E3E119768}.Release|x86.ActiveCfg = Release|Any CPU
		{02CFD02D-5BD9-4767-BC26-473E3E119768}.Release|x86.Build.0 = Release|Any CPU
		{46AE7C76-0E62-43E8-8616-8340E699FA7B}.Debug|Any CPU.ActiveCfg = Debug|Any CPU
		{46AE7C76-0E62-43E8-8616-8340E699FA7B}.Debug|Any CPU.Build.0 = Debug|Any CPU
		{46AE7C76-0E62-43E8-8616-8340E699FA7B}.Debug|x64.ActiveCfg = Debug|Any CPU
		{46AE7C76-0E62-43E8-8616-8340E699FA7B}.Debug|x64.Build.0 = Debug|Any CPU
		{46AE7C76-0E62-43E8-8616-8340E699FA7B}.Debug|x86.ActiveCfg = Debug|Any CPU
		{46AE7C76-0E62-43E8-8616-8340E699FA7B}.Debug|x86.Build.0 = Debug|Any CPU
		{46AE7C76-0E62-43E8-8616-8340E699FA7B}.Release|Any CPU.ActiveCfg = Release|Any CPU
		{46AE7C76-0E62-43E8-8616-8340E699FA7B}.Release|Any CPU.Build.0 = Release|Any CPU
		{46AE7C76-0E62-43E8-8616-8340E699FA7B}.Release|x64.ActiveCfg = Release|Any CPU
		{46AE7C76-0E62-43E8-8616-8340E699FA7B}.Release|x64.Build.0 = Release|Any CPU
		{46AE7C76-0E62-43E8-8616-8340E699FA7B}.Release|x86.ActiveCfg = Release|Any CPU
		{46AE7C76-0E62-43E8-8616-8340E699FA7B}.Release|x86.Build.0 = Release|Any CPU
		{45DD4820-3849-47B6-8E21-FE2A46B215E1}.Debug|Any CPU.ActiveCfg = Debug|Any CPU
		{45DD4820-3849-47B6-8E21-FE2A46B215E1}.Debug|Any CPU.Build.0 = Debug|Any CPU
		{45DD4820-3849-47B6-8E21-FE2A46B215E1}.Debug|x64.ActiveCfg = Debug|Any CPU
		{45DD4820-3849-47B6-8E21-FE2A46B215E1}.Debug|x64.Build.0 = Debug|Any CPU
		{45DD4820-3849-47B6-8E21-FE2A46B215E1}.Debug|x86.ActiveCfg = Debug|Any CPU
		{45DD4820-3849-47B6-8E21-FE2A46B215E1}.Debug|x86.Build.0 = Debug|Any CPU
		{45DD4820-3849-47B6-8E21-FE2A46B215E1}.Release|Any CPU.ActiveCfg = Release|Any CPU
		{45DD4820-3849-47B6-8E21-FE2A46B215E1}.Release|Any CPU.Build.0 = Release|Any CPU
		{45DD4820-3849-47B6-8E21-FE2A46B215E1}.Release|x64.ActiveCfg = Release|Any CPU
		{45DD4820-3849-47B6-8E21-FE2A46B215E1}.Release|x64.Build.0 = Release|Any CPU
		{45DD4820-3849-47B6-8E21-FE2A46B215E1}.Release|x86.ActiveCfg = Release|Any CPU
		{45DD4820-3849-47B6-8E21-FE2A46B215E1}.Release|x86.Build.0 = Release|Any CPU
		{89D0FF7E-E91D-4399-8CFD-4A86A01F24C6}.Debug|Any CPU.ActiveCfg = Debug|Any CPU
		{89D0FF7E-E91D-4399-8CFD-4A86A01F24C6}.Debug|Any CPU.Build.0 = Debug|Any CPU
		{89D0FF7E-E91D-4399-8CFD-4A86A01F24C6}.Debug|x64.ActiveCfg = Debug|Any CPU
		{89D0FF7E-E91D-4399-8CFD-4A86A01F24C6}.Debug|x64.Build.0 = Debug|Any CPU
		{89D0FF7E-E91D-4399-8CFD-4A86A01F24C6}.Debug|x86.ActiveCfg = Debug|Any CPU
		{89D0FF7E-E91D-4399-8CFD-4A86A01F24C6}.Debug|x86.Build.0 = Debug|Any CPU
		{89D0FF7E-E91D-4399-8CFD-4A86A01F24C6}.Release|Any CPU.ActiveCfg = Release|Any CPU
		{89D0FF7E-E91D-4399-8CFD-4A86A01F24C6}.Release|Any CPU.Build.0 = Release|Any CPU
		{89D0FF7E-E91D-4399-8CFD-4A86A01F24C6}.Release|x64.ActiveCfg = Release|Any CPU
		{89D0FF7E-E91D-4399-8CFD-4A86A01F24C6}.Release|x64.Build.0 = Release|Any CPU
		{89D0FF7E-E91D-4399-8CFD-4A86A01F24C6}.Release|x86.ActiveCfg = Release|Any CPU
		{89D0FF7E-E91D-4399-8CFD-4A86A01F24C6}.Release|x86.Build.0 = Release|Any CPU
		{DB36D8D8-A8D4-4A3E-9340-541A662B08CC}.Debug|Any CPU.ActiveCfg = Debug|Any CPU
		{DB36D8D8-A8D4-4A3E-9340-541A662B08CC}.Debug|Any CPU.Build.0 = Debug|Any CPU
		{DB36D8D8-A8D4-4A3E-9340-541A662B08CC}.Debug|x64.ActiveCfg = Debug|Any CPU
		{DB36D8D8-A8D4-4A3E-9340-541A662B08CC}.Debug|x64.Build.0 = Debug|Any CPU
		{DB36D8D8-A8D4-4A3E-9340-541A662B08CC}.Debug|x86.ActiveCfg = Debug|Any CPU
		{DB36D8D8-A8D4-4A3E-9340-541A662B08CC}.Debug|x86.Build.0 = Debug|Any CPU
		{DB36D8D8-A8D4-4A3E-9340-541A662B08CC}.Release|Any CPU.ActiveCfg = Release|Any CPU
		{DB36D8D8-A8D4-4A3E-9340-541A662B08CC}.Release|Any CPU.Build.0 = Release|Any CPU
		{DB36D8D8-A8D4-4A3E-9340-541A662B08CC}.Release|x64.ActiveCfg = Release|Any CPU
		{DB36D8D8-A8D4-4A3E-9340-541A662B08CC}.Release|x64.Build.0 = Release|Any CPU
		{DB36D8D8-A8D4-4A3E-9340-541A662B08CC}.Release|x86.ActiveCfg = Release|Any CPU
		{DB36D8D8-A8D4-4A3E-9340-541A662B08CC}.Release|x86.Build.0 = Release|Any CPU
		{057620A1-A6B7-4799-8F0B-5E8D1F2D2381}.Debug|Any CPU.ActiveCfg = Debug|Any CPU
		{057620A1-A6B7-4799-8F0B-5E8D1F2D2381}.Debug|Any CPU.Build.0 = Debug|Any CPU
		{057620A1-A6B7-4799-8F0B-5E8D1F2D2381}.Debug|x64.ActiveCfg = Debug|Any CPU
		{057620A1-A6B7-4799-8F0B-5E8D1F2D2381}.Debug|x64.Build.0 = Debug|Any CPU
		{057620A1-A6B7-4799-8F0B-5E8D1F2D2381}.Debug|x86.ActiveCfg = Debug|Any CPU
		{057620A1-A6B7-4799-8F0B-5E8D1F2D2381}.Debug|x86.Build.0 = Debug|Any CPU
		{057620A1-A6B7-4799-8F0B-5E8D1F2D2381}.Release|Any CPU.ActiveCfg = Release|Any CPU
		{057620A1-A6B7-4799-8F0B-5E8D1F2D2381}.Release|Any CPU.Build.0 = Release|Any CPU
		{057620A1-A6B7-4799-8F0B-5E8D1F2D2381}.Release|x64.ActiveCfg = Release|Any CPU
		{057620A1-A6B7-4799-8F0B-5E8D1F2D2381}.Release|x64.Build.0 = Release|Any CPU
		{057620A1-A6B7-4799-8F0B-5E8D1F2D2381}.Release|x86.ActiveCfg = Release|Any CPU
		{057620A1-A6B7-4799-8F0B-5E8D1F2D2381}.Release|x86.Build.0 = Release|Any CPU
		{44FA940D-8156-43C5-9002-B289884A005C}.Debug|Any CPU.ActiveCfg = Debug|Any CPU
		{44FA940D-8156-43C5-9002-B289884A005C}.Debug|Any CPU.Build.0 = Debug|Any CPU
		{44FA940D-8156-43C5-9002-B289884A005C}.Debug|x64.ActiveCfg = Debug|Any CPU
		{44FA940D-8156-43C5-9002-B289884A005C}.Debug|x64.Build.0 = Debug|Any CPU
		{44FA940D-8156-43C5-9002-B289884A005C}.Debug|x86.ActiveCfg = Debug|Any CPU
		{44FA940D-8156-43C5-9002-B289884A005C}.Debug|x86.Build.0 = Debug|Any CPU
		{44FA940D-8156-43C5-9002-B289884A005C}.Release|Any CPU.ActiveCfg = Release|Any CPU
		{44FA940D-8156-43C5-9002-B289884A005C}.Release|Any CPU.Build.0 = Release|Any CPU
		{44FA940D-8156-43C5-9002-B289884A005C}.Release|x64.ActiveCfg = Release|Any CPU
		{44FA940D-8156-43C5-9002-B289884A005C}.Release|x64.Build.0 = Release|Any CPU
		{44FA940D-8156-43C5-9002-B289884A005C}.Release|x86.ActiveCfg = Release|Any CPU
		{44FA940D-8156-43C5-9002-B289884A005C}.Release|x86.Build.0 = Release|Any CPU
	EndGlobalSection
EndGlobal
