
Microsoft Visual Studio Solution File, Format Version 12.00
# Visual Studio 15
VisualStudioVersion = 15.0.26124.0
MinimumVisualStudioVersion = 15.0.26124.0
Project("{2150E333-8FDC-42A3-9474-1A3956D46DE8}") = "thirdparty", "thirdparty", "{B830DE06-3ECD-449D-92E3-99A0E822E22C}"
EndProject
Project("{2150E333-8FDC-42A3-9474-1A3956D46DE8}") = "docopt.fs", "docopt.fs", "{D7102706-956F-4B9D-91B9-669125406CBE}"
EndProject
Project("{F2A71F9B-5D33-465A-A702-920D77279786}") = "Docopt", "thirdparty\docopt.fs\Build\Docopt.fsproj", "{5EC2ECF6-ECE5-44F0-8E6F-32D7DCCFE426}"
EndProject
Project("{F2A71F9B-5D33-465A-A702-920D77279786}") = "jrutil", "jrutil\jrutil.fsproj", "{02CFD02D-5BD9-4767-BC26-473E3E119768}"
EndProject
Project("{F2A71F9B-5D33-465A-A702-920D77279786}") = "jrutil-multitool", "jrutil-multitool\jrutil-multitool.fsproj", "{46AE7C76-0E62-43E8-8616-8340E699FA7B}"
EndProject
Project("{F2A71F9B-5D33-465A-A702-920D77279786}") = "jrunify", "jrunify\jrunify.fsproj", "{3E6C0411-E2A4-4519-A520-FA4109DBB594}"
EndProject
Project("{F2A71F9B-5D33-465A-A702-920D77279786}") = "htmltt", "htmltt\htmltt.fsproj", "{914FF423-9663-48B3-B167-3D98115785BC}"
EndProject
Project("{F2A71F9B-5D33-465A-A702-920D77279786}") = "georeport", "georeport\georeport.fsproj", "{45DD4820-3849-47B6-8E21-FE2A46B215E1}"
EndProject
Project("{F2A71F9B-5D33-465A-A702-920D77279786}") = "rtcollect", "rtcollect\rtcollect.fsproj", "{89D0FF7E-E91D-4399-8CFD-4A86A01F24C6}"
EndProject
Project("{F2A71F9B-5D33-465A-A702-920D77279786}") = "rtview", "rtview\rtview.fsproj", "{DB36D8D8-A8D4-4A3E-9340-541A662B08CC}"
EndProject
Project("{F2A71F9B-5D33-465A-A702-920D77279786}") = "WebSharper.ECharts", "thirdparty\WebSharper.ECharts\WebSharper.ECharts.fsproj", "{851FB605-795E-4A89-A151-06FE192A8882}"
EndProject
Global
	GlobalSection(SolutionConfigurationPlatforms) = preSolution
		Debug|Any CPU = Debug|Any CPU
		Debug|x64 = Debug|x64
		Debug|x86 = Debug|x86
		Release|Any CPU = Release|Any CPU
		Release|x64 = Release|x64
		Release|x86 = Release|x86
	EndGlobalSection
	GlobalSection(SolutionProperties) = preSolution
		HideSolutionNode = FALSE
	EndGlobalSection
	GlobalSection(ProjectConfigurationPlatforms) = postSolution
		{5EC2ECF6-ECE5-44F0-8E6F-32D7DCCFE426}.Debug|Any CPU.ActiveCfg = Debug|Any CPU
		{5EC2ECF6-ECE5-44F0-8E6F-32D7DCCFE426}.Debug|Any CPU.Build.0 = Debug|Any CPU
		{5EC2ECF6-ECE5-44F0-8E6F-32D7DCCFE426}.Debug|x64.ActiveCfg = Debug|Any CPU
		{5EC2ECF6-ECE5-44F0-8E6F-32D7DCCFE426}.Debug|x64.Build.0 = Debug|Any CPU
		{5EC2ECF6-ECE5-44F0-8E6F-32D7DCCFE426}.Debug|x86.ActiveCfg = Debug|Any CPU
		{5EC2ECF6-ECE5-44F0-8E6F-32D7DCCFE426}.Debug|x86.Build.0 = Debug|Any CPU
		{5EC2ECF6-ECE5-44F0-8E6F-32D7DCCFE426}.Release|Any CPU.ActiveCfg = Release|Any CPU
		{5EC2ECF6-ECE5-44F0-8E6F-32D7DCCFE426}.Release|Any CPU.Build.0 = Release|Any CPU
		{5EC2ECF6-ECE5-44F0-8E6F-32D7DCCFE426}.Release|x64.ActiveCfg = Release|Any CPU
		{5EC2ECF6-ECE5-44F0-8E6F-32D7DCCFE426}.Release|x64.Build.0 = Release|Any CPU
		{5EC2ECF6-ECE5-44F0-8E6F-32D7DCCFE426}.Release|x86.ActiveCfg = Release|Any CPU
		{5EC2ECF6-ECE5-44F0-8E6F-32D7DCCFE426}.Release|x86.Build.0 = Release|Any CPU
		{02CFD02D-5BD9-4767-BC26-473E3E119768}.Debug|Any CPU.ActiveCfg = Debug|Any CPU
		{02CFD02D-5BD9-4767-BC26-473E3E119768}.Debug|Any CPU.Build.0 = Debug|Any CPU
		{02CFD02D-5BD9-4767-BC26-473E3E119768}.Debug|x64.ActiveCfg = Debug|Any CPU
		{02CFD02D-5BD9-4767-BC26-473E3E119768}.Debug|x64.Build.0 = Debug|Any CPU
		{02CFD02D-5BD9-4767-BC26-473E3E119768}.Debug|x86.ActiveCfg = Debug|Any CPU
		{02CFD02D-5BD9-4767-BC26-473E3E119768}.Debug|x86.Build.0 = Debug|Any CPU
		{02CFD02D-5BD9-4767-BC26-473E3E119768}.Release|Any CPU.ActiveCfg = Release|Any CPU
		{02CFD02D-5BD9-4767-BC26-473E3E119768}.Release|Any CPU.Build.0 = Release|Any CPU
		{02CFD02D-5BD9-4767-BC26-473E3E119768}.Release|x64.ActiveCfg = Release|Any CPU
		{02CFD02D-5BD9-4767-BC26-473E3E119768}.Release|x64.Build.0 = Release|Any CPU
		{02CFD02D-5BD9-4767-BC26-473E3E119768}.Release|x86.ActiveCfg = Release|Any CPU
		{02CFD02D-5BD9-4767-BC26-473E3E119768}.Release|x86.Build.0 = Release|Any CPU
		{46AE7C76-0E62-43E8-8616-8340E699FA7B}.Debug|Any CPU.ActiveCfg = Debug|Any CPU
		{46AE7C76-0E62-43E8-8616-8340E699FA7B}.Debug|Any CPU.Build.0 = Debug|Any CPU
		{46AE7C76-0E62-43E8-8616-8340E699FA7B}.Debug|x64.ActiveCfg = Debug|Any CPU
		{46AE7C76-0E62-43E8-8616-8340E699FA7B}.Debug|x64.Build.0 = Debug|Any CPU
		{46AE7C76-0E62-43E8-8616-8340E699FA7B}.Debug|x86.ActiveCfg = Debug|Any CPU
		{46AE7C76-0E62-43E8-8616-8340E699FA7B}.Debug|x86.Build.0 = Debug|Any CPU
		{46AE7C76-0E62-43E8-8616-8340E699FA7B}.Release|Any CPU.ActiveCfg = Release|Any CPU
		{46AE7C76-0E62-43E8-8616-8340E699FA7B}.Release|Any CPU.Build.0 = Release|Any CPU
		{46AE7C76-0E62-43E8-8616-8340E699FA7B}.Release|x64.ActiveCfg = Release|Any CPU
		{46AE7C76-0E62-43E8-8616-8340E699FA7B}.Release|x64.Build.0 = Release|Any CPU
		{46AE7C76-0E62-43E8-8616-8340E699FA7B}.Release|x86.ActiveCfg = Release|Any CPU
		{46AE7C76-0E62-43E8-8616-8340E699FA7B}.Release|x86.Build.0 = Release|Any CPU
		{3E6C0411-E2A4-4519-A520-FA4109DBB594}.Debug|Any CPU.ActiveCfg = Debug|Any CPU
		{3E6C0411-E2A4-4519-A520-FA4109DBB594}.Debug|Any CPU.Build.0 = Debug|Any CPU
		{3E6C0411-E2A4-4519-A520-FA4109DBB594}.Debug|x64.ActiveCfg = Debug|Any CPU
		{3E6C0411-E2A4-4519-A520-FA4109DBB594}.Debug|x64.Build.0 = Debug|Any CPU
		{3E6C0411-E2A4-4519-A520-FA4109DBB594}.Debug|x86.ActiveCfg = Debug|Any CPU
		{3E6C0411-E2A4-4519-A520-FA4109DBB594}.Debug|x86.Build.0 = Debug|Any CPU
		{3E6C0411-E2A4-4519-A520-FA4109DBB594}.Release|Any CPU.ActiveCfg = Release|Any CPU
		{3E6C0411-E2A4-4519-A520-FA4109DBB594}.Release|Any CPU.Build.0 = Release|Any CPU
		{3E6C0411-E2A4-4519-A520-FA4109DBB594}.Release|x64.ActiveCfg = Release|Any CPU
		{3E6C0411-E2A4-4519-A520-FA4109DBB594}.Release|x64.Build.0 = Release|Any CPU
		{3E6C0411-E2A4-4519-A520-FA4109DBB594}.Release|x86.ActiveCfg = Release|Any CPU
		{3E6C0411-E2A4-4519-A520-FA4109DBB594}.Release|x86.Build.0 = Release|Any CPU
		{914FF423-9663-48B3-B167-3D98115785BC}.Debug|Any CPU.ActiveCfg = Debug|Any CPU
		{914FF423-9663-48B3-B167-3D98115785BC}.Debug|Any CPU.Build.0 = Debug|Any CPU
		{914FF423-9663-48B3-B167-3D98115785BC}.Debug|x64.ActiveCfg = Debug|Any CPU
		{914FF423-9663-48B3-B167-3D98115785BC}.Debug|x64.Build.0 = Debug|Any CPU
		{914FF423-9663-48B3-B167-3D98115785BC}.Debug|x86.ActiveCfg = Debug|Any CPU
		{914FF423-9663-48B3-B167-3D98115785BC}.Debug|x86.Build.0 = Debug|Any CPU
		{914FF423-9663-48B3-B167-3D98115785BC}.Release|Any CPU.ActiveCfg = Release|Any CPU
		{914FF423-9663-48B3-B167-3D98115785BC}.Release|Any CPU.Build.0 = Release|Any CPU
		{914FF423-9663-48B3-B167-3D98115785BC}.Release|x64.ActiveCfg = Release|Any CPU
		{914FF423-9663-48B3-B167-3D98115785BC}.Release|x64.Build.0 = Release|Any CPU
		{914FF423-9663-48B3-B167-3D98115785BC}.Release|x86.ActiveCfg = Release|Any CPU
		{914FF423-9663-48B3-B167-3D98115785BC}.Release|x86.Build.0 = Release|Any CPU
		{45DD4820-3849-47B6-8E21-FE2A46B215E1}.Debug|Any CPU.ActiveCfg = Debug|Any CPU
		{45DD4820-3849-47B6-8E21-FE2A46B215E1}.Debug|Any CPU.Build.0 = Debug|Any CPU
		{45DD4820-3849-47B6-8E21-FE2A46B215E1}.Debug|x64.ActiveCfg = Debug|Any CPU
		{45DD4820-3849-47B6-8E21-FE2A46B215E1}.Debug|x64.Build.0 = Debug|Any CPU
		{45DD4820-3849-47B6-8E21-FE2A46B215E1}.Debug|x86.ActiveCfg = Debug|Any CPU
		{45DD4820-3849-47B6-8E21-FE2A46B215E1}.Debug|x86.Build.0 = Debug|Any CPU
		{45DD4820-3849-47B6-8E21-FE2A46B215E1}.Release|Any CPU.ActiveCfg = Release|Any CPU
		{45DD4820-3849-47B6-8E21-FE2A46B215E1}.Release|Any CPU.Build.0 = Release|Any CPU
		{45DD4820-3849-47B6-8E21-FE2A46B215E1}.Release|x64.ActiveCfg = Release|Any CPU
		{45DD4820-3849-47B6-8E21-FE2A46B215E1}.Release|x64.Build.0 = Release|Any CPU
		{45DD4820-3849-47B6-8E21-FE2A46B215E1}.Release|x86.ActiveCfg = Release|Any CPU
		{45DD4820-3849-47B6-8E21-FE2A46B215E1}.Release|x86.Build.0 = Release|Any CPU
		{89D0FF7E-E91D-4399-8CFD-4A86A01F24C6}.Debug|Any CPU.ActiveCfg = Debug|Any CPU
		{89D0FF7E-E91D-4399-8CFD-4A86A01F24C6}.Debug|Any CPU.Build.0 = Debug|Any CPU
		{89D0FF7E-E91D-4399-8CFD-4A86A01F24C6}.Debug|x64.ActiveCfg = Debug|Any CPU
		{89D0FF7E-E91D-4399-8CFD-4A86A01F24C6}.Debug|x64.Build.0 = Debug|Any CPU
		{89D0FF7E-E91D-4399-8CFD-4A86A01F24C6}.Debug|x86.ActiveCfg = Debug|Any CPU
		{89D0FF7E-E91D-4399-8CFD-4A86A01F24C6}.Debug|x86.Build.0 = Debug|Any CPU
		{89D0FF7E-E91D-4399-8CFD-4A86A01F24C6}.Release|Any CPU.ActiveCfg = Release|Any CPU
		{89D0FF7E-E91D-4399-8CFD-4A86A01F24C6}.Release|Any CPU.Build.0 = Release|Any CPU
		{89D0FF7E-E91D-4399-8CFD-4A86A01F24C6}.Release|x64.ActiveCfg = Release|Any CPU
		{89D0FF7E-E91D-4399-8CFD-4A86A01F24C6}.Release|x64.Build.0 = Release|Any CPU
		{89D0FF7E-E91D-4399-8CFD-4A86A01F24C6}.Release|x86.ActiveCfg = Release|Any CPU
		{89D0FF7E-E91D-4399-8CFD-4A86A01F24C6}.Release|x86.Build.0 = Release|Any CPU
		{DB36D8D8-A8D4-4A3E-9340-541A662B08CC}.Debug|Any CPU.ActiveCfg = Debug|Any CPU
		{DB36D8D8-A8D4-4A3E-9340-541A662B08CC}.Debug|Any CPU.Build.0 = Debug|Any CPU
		{DB36D8D8-A8D4-4A3E-9340-541A662B08CC}.Debug|x64.ActiveCfg = Debug|Any CPU
		{DB36D8D8-A8D4-4A3E-9340-541A662B08CC}.Debug|x64.Build.0 = Debug|Any CPU
		{DB36D8D8-A8D4-4A3E-9340-541A662B08CC}.Debug|x86.ActiveCfg = Debug|Any CPU
		{DB36D8D8-A8D4-4A3E-9340-541A662B08CC}.Debug|x86.Build.0 = Debug|Any CPU
		{DB36D8D8-A8D4-4A3E-9340-541A662B08CC}.Release|Any CPU.ActiveCfg = Release|Any CPU
		{DB36D8D8-A8D4-4A3E-9340-541A662B08CC}.Release|Any CPU.Build.0 = Release|Any CPU
		{DB36D8D8-A8D4-4A3E-9340-541A662B08CC}.Release|x64.ActiveCfg = Release|Any CPU
		{DB36D8D8-A8D4-4A3E-9340-541A662B08CC}.Release|x64.Build.0 = Release|Any CPU
		{DB36D8D8-A8D4-4A3E-9340-541A662B08CC}.Release|x86.ActiveCfg = Release|Any CPU
		{DB36D8D8-A8D4-4A3E-9340-541A662B08CC}.Release|x86.Build.0 = Release|Any CPU
		{851FB605-795E-4A89-A151-06FE192A8882}.Debug|Any CPU.ActiveCfg = Debug|Any CPU
		{851FB605-795E-4A89-A151-06FE192A8882}.Debug|Any CPU.Build.0 = Debug|Any CPU
		{851FB605-795E-4A89-A151-06FE192A8882}.Debug|x64.ActiveCfg = Debug|Any CPU
		{851FB605-795E-4A89-A151-06FE192A8882}.Debug|x64.Build.0 = Debug|Any CPU
		{851FB605-795E-4A89-A151-06FE192A8882}.Debug|x86.ActiveCfg = Debug|Any CPU
		{851FB605-795E-4A89-A151-06FE192A8882}.Debug|x86.Build.0 = Debug|Any CPU
		{851FB605-795E-4A89-A151-06FE192A8882}.Release|Any CPU.ActiveCfg = Release|Any CPU
		{851FB605-795E-4A89-A151-06FE192A8882}.Release|Any CPU.Build.0 = Release|Any CPU
		{851FB605-795E-4A89-A151-06FE192A8882}.Release|x64.ActiveCfg = Release|Any CPU
		{851FB605-795E-4A89-A151-06FE192A8882}.Release|x64.Build.0 = Release|Any CPU
		{851FB605-795E-4A89-A151-06FE192A8882}.Release|x86.ActiveCfg = Release|Any CPU
		{851FB605-795E-4A89-A151-06FE192A8882}.Release|x86.Build.0 = Release|Any CPU
	EndGlobalSection
	GlobalSection(NestedProjects) = preSolution
		{D7102706-956F-4B9D-91B9-669125406CBE} = {B830DE06-3ECD-449D-92E3-99A0E822E22C}
		{5EC2ECF6-ECE5-44F0-8E6F-32D7DCCFE426} = {D7102706-956F-4B9D-91B9-669125406CBE}
		{851FB605-795E-4A89-A151-06FE192A8882} = {B830DE06-3ECD-449D-92E3-99A0E822E22C}
	EndGlobalSection
EndGlobal
